
Microsoft Visual Studio Solution File, Format Version 12.00
# Visual Studio Version 17
VisualStudioVersion = 17.8.34330.188
MinimumVisualStudioVersion = 10.0.40219.1
Project("{FAE04EC0-301F-11D3-BF4B-00C04F79EFBC}") = "fake_fastgithub", "fake_fastgithub\fake_fastgithub.csproj", "{C1E4BD7E-9F92-450D-801D-437BF39ED905}"
EndProject
Project("{FAE04EC0-301F-11D3-BF4B-00C04F79EFBC}") = "fake_fastgithub.HttpServer", "fake_fastgithub.HttpServer\fake_fastgithub.HttpServer.csproj", "{8D314ACE-C53C-4910-8C59-213EBA96396D}"
EndProject
Global
	GlobalSection(SolutionConfigurationPlatforms) = preSolution
		Debug|Any CPU = Debug|Any CPU
		Release|Any CPU = Release|Any CPU
	EndGlobalSection
	GlobalSection(ProjectConfigurationPlatforms) = postSolution
		{C1E4BD7E-9F92-450D-801D-437BF39ED905}.Debug|Any CPU.ActiveCfg = Debug|Any CPU
		{C1E4BD7E-9F92-450D-801D-437BF39ED905}.Debug|Any CPU.Build.0 = Debug|Any CPU
		{C1E4BD7E-9F92-450D-801D-437BF39ED905}.Release|Any CPU.ActiveCfg = Release|Any CPU
		{C1E4BD7E-9F92-450D-801D-437BF39ED905}.Release|Any CPU.Build.0 = Release|Any CPU
		{8D314ACE-C53C-4910-8C59-213EBA96396D}.Debug|Any CPU.ActiveCfg = Debug|Any CPU
		{8D314ACE-C53C-4910-8C59-213EBA96396D}.Debug|Any CPU.Build.0 = Debug|Any CPU
		{8D314ACE-C53C-4910-8C59-213EBA96396D}.Release|Any CPU.ActiveCfg = Release|Any CPU
		{8D314ACE-C53C-4910-8C59-213EBA96396D}.Release|Any CPU.Build.0 = Release|Any CPU
	EndGlobalSection
	GlobalSection(SolutionProperties) = preSolution
		HideSolutionNode = FALSE
	EndGlobalSection
	GlobalSection(ExtensibilityGlobals) = postSolution
		SolutionGuid = {EAA3EE22-BF4A-4A0D-BB21-DE0840EB60E6}
	EndGlobalSection
EndGlobal
