
Microsoft Visual Studio Solution File, Format Version 12.00
# Visual Studio Version 17
VisualStudioVersion = 17.8.34330.188
MinimumVisualStudioVersion = 10.0.40219.1
Project("{FAE04EC0-301F-11D3-BF4B-00C04F79EFBC}") = "fake_fastgithub", "fake_fastgithub.csproj", "{8C6811CD-4FF5-4AFA-8F46-35BE04928473}"
EndProject
Global
	GlobalSection(SolutionConfigurationPlatforms) = preSolution
		Debug|Any CPU = Debug|Any CPU
		Release|Any CPU = Release|Any CPU
	EndGlobalSection
	GlobalSection(ProjectConfigurationPlatforms) = postSolution
		{8C6811CD-4FF5-4AFA-8F46-35BE04928473}.Debug|Any CPU.ActiveCfg = Debug|Any CPU
		{8C6811CD-4FF5-4AFA-8F46-35BE04928473}.Debug|Any CPU.Build.0 = Debug|Any CPU
		{8C6811CD-4FF5-4AFA-8F46-35BE04928473}.Release|Any CPU.ActiveCfg = Release|Any CPU
		{8C6811CD-4FF5-4AFA-8F46-35BE04928473}.Release|Any CPU.Build.0 = Release|Any CPU
	EndGlobalSection
	GlobalSection(SolutionProperties) = preSolution
		HideSolutionNode = FALSE
	EndGlobalSection
	GlobalSection(ExtensibilityGlobals) = postSolution
		SolutionGuid = {02EBA87A-FD3C-4889-8B42-56D7ECB7CA05}
	EndGlobalSection
EndGlobal
